
Microsoft Visual Studio Solution File, Format Version 12.00
# Visual Studio Version 17
VisualStudioVersion = 17.7.34202.233
MinimumVisualStudioVersion = 10.0.40219.1
Project("{FAE04EC0-301F-11D3-BF4B-00C04F79EFBC}") = "FestivalZnanostiApi", "FestivalZnanostiApi\FestivalZnanostiApi.csproj", "{2EE9F55B-D84C-493A-817D-A5349EEFAD01}"
EndProject
Global
	GlobalSection(SolutionConfigurationPlatforms) = preSolution
		Debug|Any CPU = Debug|Any CPU
		Release|Any CPU = Release|Any CPU
	EndGlobalSection
	GlobalSection(ProjectConfigurationPlatforms) = postSolution
		{2EE9F55B-D84C-493A-817D-A5349EEFAD01}.Debug|Any CPU.ActiveCfg = Debug|Any CPU
		{2EE9F55B-D84C-493A-817D-A5349EEFAD01}.Debug|Any CPU.Build.0 = Debug|Any CPU
		{2EE9F55B-D84C-493A-817D-A5349EEFAD01}.Release|Any CPU.ActiveCfg = Release|Any CPU
		{2EE9F55B-D84C-493A-817D-A5349EEFAD01}.Release|Any CPU.Build.0 = Release|Any CPU
	EndGlobalSection
	GlobalSection(SolutionProperties) = preSolution
		HideSolutionNode = FALSE
	EndGlobalSection
	GlobalSection(ExtensibilityGlobals) = postSolution
		SolutionGuid = {2358E245-7493-4490-9EFD-38F9A78E0988}
	EndGlobalSection
EndGlobal
